{
  "name": "@thzero/library_cli",
  "version": "0.12.5",
  "lockfileVersion": 1,
  "requires": true,
  "dependencies": {
    "any-base": {
      "version": "1.1.0",
      "resolved": "https://registry.npmjs.org/any-base/-/any-base-1.1.0.tgz",
      "integrity": "sha512-uMgjozySS8adZZYePpaWs8cxB9/kdzmpX6SgJZ+wbz1K5eYk5QMYDVJaZKhxyIHUdnnJkfR7SVgStgH7LkGUyg=="
    },
    "dayjs": {
      "version": "1.10.3",
      "resolved": "https://registry.npmjs.org/dayjs/-/dayjs-1.10.3.tgz",
      "integrity": "sha512-/2fdLN987N8Ki7Id8BUN2nhuiRyxTLumQnSQf9CNncFCyqFsSKb9TNhzRYcC8K8eJSJOKvbvkImo/MKKhNi4iw=="
    },
    "dayjs-plugin-utc": {
      "version": "0.1.2",
      "resolved": "https://registry.npmjs.org/dayjs-plugin-utc/-/dayjs-plugin-utc-0.1.2.tgz",
      "integrity": "sha512-ExERH5o3oo6jFOdkvMP3gytTCQ9Ksi5PtylclJWghr7k7m3o2U5QrwtdiJkOxLOH4ghr0EKhpqGefzGz1VvVJg=="
    },
    "esm": {
      "version": "3.2.25",
      "resolved": "https://registry.npmjs.org/esm/-/esm-3.2.25.tgz",
      "integrity": "sha512-U1suiZ2oDVWv4zPO56S0NcR5QriEahGtdN2OR6FiOG4WJvcjBVFB0qI4+eKoWFH483PKGuLuu6V8Z4T5g63UVA=="
    },
    "minimist": {
      "version": "1.2.5",
      "resolved": "https://registry.npmjs.org/minimist/-/minimist-1.2.5.tgz",
      "integrity": "sha512-FM9nNUYrRBAELZQT3xeZQ7fmMOBg6nWNmJKTcgsJeaLstP/UODVpGsr5OhXhhXg6f+qtJ8uiZ+PUxkDWcgIXLw=="
    },
    "short-uuid": {
      "version": "4.1.0",
      "resolved": "https://registry.npmjs.org/short-uuid/-/short-uuid-4.1.0.tgz",
      "integrity": "sha512-Zjerp00N5uUC7ET1mEjz77vY9h5zm6IQivtHxcbnoSIWyK6PD/dQnU5w916F8lzQIJjxBTEbCKsAikE64WxUxQ==",
      "requires": {
        "any-base": "^1.1.0",
        "uuid": "^8.3.0"
      }
    },
    "uuid": {
      "version": "8.3.2",
      "resolved": "https://registry.npmjs.org/uuid/-/uuid-8.3.2.tgz",
      "integrity": "sha512-+NYs2QeMWy+GWFOEm9xnn6HCDp0l7QBD7ml8zLUmJ+93Q5NF0NocErnwkTkXVFNiX3/fpC6afS8Dhb/gz7R7eg=="
    }
  }
}
